
Microsoft Visual Studio Solution File, Format Version 12.00
# Visual Studio 15
VisualStudioVersion = 15.0.26124.0
MinimumVisualStudioVersion = 15.0.26124.0
Project("{2150E333-8FDC-42A3-9474-1A3956D46DE8}") = "src", "src", "{A7600B2F-51CC-451C-A337-C4A481429B65}"
EndProject
Project("{FAE04EC0-301F-11D3-BF4B-00C04F79EFBC}") = "DataTransfer.HttpApi.Host", "src\DataTransfer.HttpApi.Host\DataTransfer.HttpApi.Host.csproj", "{8964FEEB-674F-4329-82C1-7D8E11BF06E4}"
EndProject
Project("{FAE04EC0-301F-11D3-BF4B-00C04F79EFBC}") = "DataTransfer.Application", "src\DataTransfer.Application\DataTransfer.Application.csproj", "{37DD1CF3-0BA6-42BE-B577-F693C2885E5D}"
EndProject
Project("{FAE04EC0-301F-11D3-BF4B-00C04F79EFBC}") = "DataTransfer.Application.Contracts", "src\DataTransfer.Application.Contracts\DataTransfer.Application.Contracts.csproj", "{D3D8ACBC-AF76-4784-9B00-82C23408BA48}"
EndProject
Project("{FAE04EC0-301F-11D3-BF4B-00C04F79EFBC}") = "DataTransfer.Domain", "src\DataTransfer.Domain\DataTransfer.Domain.csproj", "{9C814E99-D7C1-4C5B-AA60-D9FC7EC591BE}"
EndProject
Project("{FAE04EC0-301F-11D3-BF4B-00C04F79EFBC}") = "DataTransfer.Domain.Shared", "src\DataTransfer.Domain.Shared\DataTransfer.Domain.Shared.csproj", "{54103AC0-6F6C-4138-9FD9-52EEC5EEAF53}"
EndProject
Project("{FAE04EC0-301F-11D3-BF4B-00C04F79EFBC}") = "DataTransfer.EntityFramework", "src\DataTransfer.EntityFramework\DataTransfer.EntityFramework.csproj", "{C87AB5EE-297E-43EB-8CD0-59120B7C8D7F}"
EndProject
Project("{FAE04EC0-301F-11D3-BF4B-00C04F79EFBC}") = "DataTransfer.EntityFramework.Migration", "src\DataTransfer.EntityFramework.Migration\DataTransfer.EntityFramework.Migration.csproj", "{03028E32-721A-44E3-A8CF-5AC68F31A717}"
EndProject
Global
	GlobalSection(SolutionConfigurationPlatforms) = preSolution
		Debug|Any CPU = Debug|Any CPU
		Debug|x64 = Debug|x64
		Debug|x86 = Debug|x86
		Release|Any CPU = Release|Any CPU
		Release|x64 = Release|x64
		Release|x86 = Release|x86
	EndGlobalSection
	GlobalSection(SolutionProperties) = preSolution
		HideSolutionNode = FALSE
	EndGlobalSection
	GlobalSection(ProjectConfigurationPlatforms) = postSolution
		{8964FEEB-674F-4329-82C1-7D8E11BF06E4}.Debug|Any CPU.ActiveCfg = Debug|Any CPU
		{8964FEEB-674F-4329-82C1-7D8E11BF06E4}.Debug|Any CPU.Build.0 = Debug|Any CPU
		{8964FEEB-674F-4329-82C1-7D8E11BF06E4}.Debug|x64.ActiveCfg = Debug|Any CPU
		{8964FEEB-674F-4329-82C1-7D8E11BF06E4}.Debug|x64.Build.0 = Debug|Any CPU
		{8964FEEB-674F-4329-82C1-7D8E11BF06E4}.Debug|x86.ActiveCfg = Debug|Any CPU
		{8964FEEB-674F-4329-82C1-7D8E11BF06E4}.Debug|x86.Build.0 = Debug|Any CPU
		{8964FEEB-674F-4329-82C1-7D8E11BF06E4}.Release|Any CPU.ActiveCfg = Release|Any CPU
		{8964FEEB-674F-4329-82C1-7D8E11BF06E4}.Release|Any CPU.Build.0 = Release|Any CPU
		{8964FEEB-674F-4329-82C1-7D8E11BF06E4}.Release|x64.ActiveCfg = Release|Any CPU
		{8964FEEB-674F-4329-82C1-7D8E11BF06E4}.Release|x64.Build.0 = Release|Any CPU
		{8964FEEB-674F-4329-82C1-7D8E11BF06E4}.Release|x86.ActiveCfg = Release|Any CPU
		{8964FEEB-674F-4329-82C1-7D8E11BF06E4}.Release|x86.Build.0 = Release|Any CPU
		{37DD1CF3-0BA6-42BE-B577-F693C2885E5D}.Debug|Any CPU.ActiveCfg = Debug|Any CPU
		{37DD1CF3-0BA6-42BE-B577-F693C2885E5D}.Debug|Any CPU.Build.0 = Debug|Any CPU
		{37DD1CF3-0BA6-42BE-B577-F693C2885E5D}.Debug|x64.ActiveCfg = Debug|Any CPU
		{37DD1CF3-0BA6-42BE-B577-F693C2885E5D}.Debug|x64.Build.0 = Debug|Any CPU
		{37DD1CF3-0BA6-42BE-B577-F693C2885E5D}.Debug|x86.ActiveCfg = Debug|Any CPU
		{37DD1CF3-0BA6-42BE-B577-F693C2885E5D}.Debug|x86.Build.0 = Debug|Any CPU
		{37DD1CF3-0BA6-42BE-B577-F693C2885E5D}.Release|Any CPU.ActiveCfg = Release|Any CPU
		{37DD1CF3-0BA6-42BE-B577-F693C2885E5D}.Release|Any CPU.Build.0 = Release|Any CPU
		{37DD1CF3-0BA6-42BE-B577-F693C2885E5D}.Release|x64.ActiveCfg = Release|Any CPU
		{37DD1CF3-0BA6-42BE-B577-F693C2885E5D}.Release|x64.Build.0 = Release|Any CPU
		{37DD1CF3-0BA6-42BE-B577-F693C2885E5D}.Release|x86.ActiveCfg = Release|Any CPU
		{37DD1CF3-0BA6-42BE-B577-F693C2885E5D}.Release|x86.Build.0 = Release|Any CPU
		{D3D8ACBC-AF76-4784-9B00-82C23408BA48}.Debug|Any CPU.ActiveCfg = Debug|Any CPU
		{D3D8ACBC-AF76-4784-9B00-82C23408BA48}.Debug|Any CPU.Build.0 = Debug|Any CPU
		{D3D8ACBC-AF76-4784-9B00-82C23408BA48}.Debug|x64.ActiveCfg = Debug|Any CPU
		{D3D8ACBC-AF76-4784-9B00-82C23408BA48}.Debug|x64.Build.0 = Debug|Any CPU
		{D3D8ACBC-AF76-4784-9B00-82C23408BA48}.Debug|x86.ActiveCfg = Debug|Any CPU
		{D3D8ACBC-AF76-4784-9B00-82C23408BA48}.Debug|x86.Build.0 = Debug|Any CPU
		{D3D8ACBC-AF76-4784-9B00-82C23408BA48}.Release|Any CPU.ActiveCfg = Release|Any CPU
		{D3D8ACBC-AF76-4784-9B00-82C23408BA48}.Release|Any CPU.Build.0 = Release|Any CPU
		{D3D8ACBC-AF76-4784-9B00-82C23408BA48}.Release|x64.ActiveCfg = Release|Any CPU
		{D3D8ACBC-AF76-4784-9B00-82C23408BA48}.Release|x64.Build.0 = Release|Any CPU
		{D3D8ACBC-AF76-4784-9B00-82C23408BA48}.Release|x86.ActiveCfg = Release|Any CPU
		{D3D8ACBC-AF76-4784-9B00-82C23408BA48}.Release|x86.Build.0 = Release|Any CPU
		{9C814E99-D7C1-4C5B-AA60-D9FC7EC591BE}.Debug|Any CPU.ActiveCfg = Debug|Any CPU
		{9C814E99-D7C1-4C5B-AA60-D9FC7EC591BE}.Debug|Any CPU.Build.0 = Debug|Any CPU
		{9C814E99-D7C1-4C5B-AA60-D9FC7EC591BE}.Debug|x64.ActiveCfg = Debug|Any CPU
		{9C814E99-D7C1-4C5B-AA60-D9FC7EC591BE}.Debug|x64.Build.0 = Debug|Any CPU
		{9C814E99-D7C1-4C5B-AA60-D9FC7EC591BE}.Debug|x86.ActiveCfg = Debug|Any CPU
		{9C814E99-D7C1-4C5B-AA60-D9FC7EC591BE}.Debug|x86.Build.0 = Debug|Any CPU
		{9C814E99-D7C1-4C5B-AA60-D9FC7EC591BE}.Release|Any CPU.ActiveCfg = Release|Any CPU
		{9C814E99-D7C1-4C5B-AA60-D9FC7EC591BE}.Release|Any CPU.Build.0 = Release|Any CPU
		{9C814E99-D7C1-4C5B-AA60-D9FC7EC591BE}.Release|x64.ActiveCfg = Release|Any CPU
		{9C814E99-D7C1-4C5B-AA60-D9FC7EC591BE}.Release|x64.Build.0 = Release|Any CPU
		{9C814E99-D7C1-4C5B-AA60-D9FC7EC591BE}.Release|x86.ActiveCfg = Release|Any CPU
		{9C814E99-D7C1-4C5B-AA60-D9FC7EC591BE}.Release|x86.Build.0 = Release|Any CPU
		{54103AC0-6F6C-4138-9FD9-52EEC5EEAF53}.Debug|Any CPU.ActiveCfg = Debug|Any CPU
		{54103AC0-6F6C-4138-9FD9-52EEC5EEAF53}.Debug|Any CPU.Build.0 = Debug|Any CPU
		{54103AC0-6F6C-4138-9FD9-52EEC5EEAF53}.Debug|x64.ActiveCfg = Debug|Any CPU
		{54103AC0-6F6C-4138-9FD9-52EEC5EEAF53}.Debug|x64.Build.0 = Debug|Any CPU
		{54103AC0-6F6C-4138-9FD9-52EEC5EEAF53}.Debug|x86.ActiveCfg = Debug|Any CPU
		{54103AC0-6F6C-4138-9FD9-52EEC5EEAF53}.Debug|x86.Build.0 = Debug|Any CPU
		{54103AC0-6F6C-4138-9FD9-52EEC5EEAF53}.Release|Any CPU.ActiveCfg = Release|Any CPU
		{54103AC0-6F6C-4138-9FD9-52EEC5EEAF53}.Release|Any CPU.Build.0 = Release|Any CPU
		{54103AC0-6F6C-4138-9FD9-52EEC5EEAF53}.Release|x64.ActiveCfg = Release|Any CPU
		{54103AC0-6F6C-4138-9FD9-52EEC5EEAF53}.Release|x64.Build.0 = Release|Any CPU
		{54103AC0-6F6C-4138-9FD9-52EEC5EEAF53}.Release|x86.ActiveCfg = Release|Any CPU
		{54103AC0-6F6C-4138-9FD9-52EEC5EEAF53}.Release|x86.Build.0 = Release|Any CPU
		{C87AB5EE-297E-43EB-8CD0-59120B7C8D7F}.Debug|Any CPU.ActiveCfg = Debug|Any CPU
		{C87AB5EE-297E-43EB-8CD0-59120B7C8D7F}.Debug|Any CPU.Build.0 = Debug|Any CPU
		{C87AB5EE-297E-43EB-8CD0-59120B7C8D7F}.Debug|x64.ActiveCfg = Debug|Any CPU
		{C87AB5EE-297E-43EB-8CD0-59120B7C8D7F}.Debug|x64.Build.0 = Debug|Any CPU
		{C87AB5EE-297E-43EB-8CD0-59120B7C8D7F}.Debug|x86.ActiveCfg = Debug|Any CPU
		{C87AB5EE-297E-43EB-8CD0-59120B7C8D7F}.Debug|x86.Build.0 = Debug|Any CPU
		{C87AB5EE-297E-43EB-8CD0-59120B7C8D7F}.Release|Any CPU.ActiveCfg = Release|Any CPU
		{C87AB5EE-297E-43EB-8CD0-59120B7C8D7F}.Release|Any CPU.Build.0 = Release|Any CPU
		{C87AB5EE-297E-43EB-8CD0-59120B7C8D7F}.Release|x64.ActiveCfg = Release|Any CPU
		{C87AB5EE-297E-43EB-8CD0-59120B7C8D7F}.Release|x64.Build.0 = Release|Any CPU
		{C87AB5EE-297E-43EB-8CD0-59120B7C8D7F}.Release|x86.ActiveCfg = Release|Any CPU
		{C87AB5EE-297E-43EB-8CD0-59120B7C8D7F}.Release|x86.Build.0 = Release|Any CPU
		{03028E32-721A-44E3-A8CF-5AC68F31A717}.Debug|Any CPU.ActiveCfg = Debug|Any CPU
		{03028E32-721A-44E3-A8CF-5AC68F31A717}.Debug|Any CPU.Build.0 = Debug|Any CPU
		{03028E32-721A-44E3-A8CF-5AC68F31A717}.Debug|x64.ActiveCfg = Debug|Any CPU
		{03028E32-721A-44E3-A8CF-5AC68F31A717}.Debug|x64.Build.0 = Debug|Any CPU
		{03028E32-721A-44E3-A8CF-5AC68F31A717}.Debug|x86.ActiveCfg = Debug|Any CPU
		{03028E32-721A-44E3-A8CF-5AC68F31A717}.Debug|x86.Build.0 = Debug|Any CPU
		{03028E32-721A-44E3-A8CF-5AC68F31A717}.Release|Any CPU.ActiveCfg = Release|Any CPU
		{03028E32-721A-44E3-A8CF-5AC68F31A717}.Release|Any CPU.Build.0 = Release|Any CPU
		{03028E32-721A-44E3-A8CF-5AC68F31A717}.Release|x64.ActiveCfg = Release|Any CPU
		{03028E32-721A-44E3-A8CF-5AC68F31A717}.Release|x64.Build.0 = Release|Any CPU
		{03028E32-721A-44E3-A8CF-5AC68F31A717}.Release|x86.ActiveCfg = Release|Any CPU
		{03028E32-721A-44E3-A8CF-5AC68F31A717}.Release|x86.Build.0 = Release|Any CPU
	EndGlobalSection
	GlobalSection(NestedProjects) = preSolution
		{8964FEEB-674F-4329-82C1-7D8E11BF06E4} = {A7600B2F-51CC-451C-A337-C4A481429B65}
		{37DD1CF3-0BA6-42BE-B577-F693C2885E5D} = {A7600B2F-51CC-451C-A337-C4A481429B65}
		{D3D8ACBC-AF76-4784-9B00-82C23408BA48} = {A7600B2F-51CC-451C-A337-C4A481429B65}
		{9C814E99-D7C1-4C5B-AA60-D9FC7EC591BE} = {A7600B2F-51CC-451C-A337-C4A481429B65}
		{54103AC0-6F6C-4138-9FD9-52EEC5EEAF53} = {A7600B2F-51CC-451C-A337-C4A481429B65}
		{C87AB5EE-297E-43EB-8CD0-59120B7C8D7F} = {A7600B2F-51CC-451C-A337-C4A481429B65}
		{03028E32-721A-44E3-A8CF-5AC68F31A717} = {A7600B2F-51CC-451C-A337-C4A481429B65}
	EndGlobalSection
EndGlobal
